
Microsoft Visual Studio Solution File, Format Version 12.00
# Visual Studio Version 17
VisualStudioVersion = 17.3.32922.545
MinimumVisualStudioVersion = 10.0.40219.1
Project("{FAE04EC0-301F-11D3-BF4B-00C04F79EFBC}") = "BankLibrary", "BankLibrary\BankLibrary.csproj", "{9FFF65D5-E042-46DA-93A9-7D0A47DFB04B}"
EndProject
Project("{FAE04EC0-301F-11D3-BF4B-00C04F79EFBC}") = "BankLibraryTests", "BankLibraryTests\BankLibraryTests.csproj", "{57739AB1-A9CC-4587-AE9A-6036EB904C09}"
EndProject
Global
	GlobalSection(SolutionConfigurationPlatforms) = preSolution
		Debug|Any CPU = Debug|Any CPU
		Release|Any CPU = Release|Any CPU
	EndGlobalSection
	GlobalSection(ProjectConfigurationPlatforms) = postSolution
		{9FFF65D5-E042-46DA-93A9-7D0A47DFB04B}.Debug|Any CPU.ActiveCfg = Debug|Any CPU
		{9FFF65D5-E042-46DA-93A9-7D0A47DFB04B}.Debug|Any CPU.Build.0 = Debug|Any CPU
		{9FFF65D5-E042-46DA-93A9-7D0A47DFB04B}.Release|Any CPU.ActiveCfg = Release|Any CPU
		{9FFF65D5-E042-46DA-93A9-7D0A47DFB04B}.Release|Any CPU.Build.0 = Release|Any CPU
		{57739AB1-A9CC-4587-AE9A-6036EB904C09}.Debug|Any CPU.ActiveCfg = Debug|Any CPU
		{57739AB1-A9CC-4587-AE9A-6036EB904C09}.Debug|Any CPU.Build.0 = Debug|Any CPU
		{57739AB1-A9CC-4587-AE9A-6036EB904C09}.Release|Any CPU.ActiveCfg = Release|Any CPU
		{57739AB1-A9CC-4587-AE9A-6036EB904C09}.Release|Any CPU.Build.0 = Release|Any CPU
	EndGlobalSection
	GlobalSection(SolutionProperties) = preSolution
		HideSolutionNode = FALSE
	EndGlobalSection
	GlobalSection(ExtensibilityGlobals) = postSolution
		SolutionGuid = {305E8B98-06AE-405B-BC23-9295AD7A46FE}
	EndGlobalSection
EndGlobal
